
Microsoft Visual Studio Solution File, Format Version 12.00
# Visual Studio Version 17
VisualStudioVersion = 17.14.36518.9
MinimumVisualStudioVersion = 10.0.40219.1
Project("{FAE04EC0-301F-11D3-BF4B-00C04F79EFBC}") = "FinancasApp.API", "FinancasApp.API\FinancasApp.API.csproj", "{C358B779-DBCB-40CA-9890-AC6F4F435071}"
EndProject
Project("{2150E333-8FDC-42A3-9474-1A3956D46DE8}") = "Itens de Solução", "Itens de Solução", "{380A7511-A354-6D7A-0CC0-8FA1F1BA7B6C}"
	ProjectSection(SolutionItems) = preProject
		docker-compose.yml = docker-compose.yml
		pipeline.yml = pipeline.yml
	EndProjectSection
EndProject
Project("{FAE04EC0-301F-11D3-BF4B-00C04F79EFBC}") = "FinancasApp.Domain", "FinancasApp.Domain\FinancasApp.Domain.csproj", "{8232E1E4-9A1B-4694-B78D-A06AF75A01DF}"
EndProject
Project("{FAE04EC0-301F-11D3-BF4B-00C04F79EFBC}") = "FinancasApp.Infra.Data", "FinancasApp.Infra.Data\FinancasApp.Infra.Data.csproj", "{4E5EC1CC-14D5-4063-A867-5179CB08D65E}"
EndProject
Project("{FAE04EC0-301F-11D3-BF4B-00C04F79EFBC}") = "FinancasApp.Infra.Data.Tests", "FinancasApp.Infra.Data.Tests\FinancasApp.Infra.Data.Tests.csproj", "{498E6BF5-4D4E-4C80-9158-B8E87D52D0E0}"
EndProject
Global
	GlobalSection(SolutionConfigurationPlatforms) = preSolution
		Debug|Any CPU = Debug|Any CPU
		Release|Any CPU = Release|Any CPU
	EndGlobalSection
	GlobalSection(ProjectConfigurationPlatforms) = postSolution
		{C358B779-DBCB-40CA-9890-AC6F4F435071}.Debug|Any CPU.ActiveCfg = Debug|Any CPU
		{C358B779-DBCB-40CA-9890-AC6F4F435071}.Debug|Any CPU.Build.0 = Debug|Any CPU
		{C358B779-DBCB-40CA-9890-AC6F4F435071}.Release|Any CPU.ActiveCfg = Release|Any CPU
		{C358B779-DBCB-40CA-9890-AC6F4F435071}.Release|Any CPU.Build.0 = Release|Any CPU
		{8232E1E4-9A1B-4694-B78D-A06AF75A01DF}.Debug|Any CPU.ActiveCfg = Debug|Any CPU
		{8232E1E4-9A1B-4694-B78D-A06AF75A01DF}.Debug|Any CPU.Build.0 = Debug|Any CPU
		{8232E1E4-9A1B-4694-B78D-A06AF75A01DF}.Release|Any CPU.ActiveCfg = Release|Any CPU
		{8232E1E4-9A1B-4694-B78D-A06AF75A01DF}.Release|Any CPU.Build.0 = Release|Any CPU
		{4E5EC1CC-14D5-4063-A867-5179CB08D65E}.Debug|Any CPU.ActiveCfg = Debug|Any CPU
		{4E5EC1CC-14D5-4063-A867-5179CB08D65E}.Debug|Any CPU.Build.0 = Debug|Any CPU
		{4E5EC1CC-14D5-4063-A867-5179CB08D65E}.Release|Any CPU.ActiveCfg = Release|Any CPU
		{4E5EC1CC-14D5-4063-A867-5179CB08D65E}.Release|Any CPU.Build.0 = Release|Any CPU
		{498E6BF5-4D4E-4C80-9158-B8E87D52D0E0}.Debug|Any CPU.ActiveCfg = Debug|Any CPU
		{498E6BF5-4D4E-4C80-9158-B8E87D52D0E0}.Debug|Any CPU.Build.0 = Debug|Any CPU
		{498E6BF5-4D4E-4C80-9158-B8E87D52D0E0}.Release|Any CPU.ActiveCfg = Release|Any CPU
		{498E6BF5-4D4E-4C80-9158-B8E87D52D0E0}.Release|Any CPU.Build.0 = Release|Any CPU
	EndGlobalSection
	GlobalSection(SolutionProperties) = preSolution
		HideSolutionNode = FALSE
	EndGlobalSection
	GlobalSection(ExtensibilityGlobals) = postSolution
		SolutionGuid = {0F1B58A8-03E6-4751-968D-0D9D9AD35EB4}
	EndGlobalSection
EndGlobal
